
Microsoft Visual Studio Solution File, Format Version 12.00
# Visual Studio Version 16
VisualStudioVersion = 16.0.30907.101
MinimumVisualStudioVersion = 10.0.40219.1
Project("{FAE04EC0-301F-11D3-BF4B-00C04F79EFBC}") = "TopRestaurant", "TopRestaurant.csproj", "{78DC1196-684D-462B-AB82-A8657F4B2B1F}"
EndProject
Global
	GlobalSection(SolutionConfigurationPlatforms) = preSolution
		Debug|Any CPU = Debug|Any CPU
		Release|Any CPU = Release|Any CPU
	EndGlobalSection
	GlobalSection(ProjectConfigurationPlatforms) = postSolution
		{78DC1196-684D-462B-AB82-A8657F4B2B1F}.Debug|Any CPU.ActiveCfg = Debug|Any CPU
		{78DC1196-684D-462B-AB82-A8657F4B2B1F}.Debug|Any CPU.Build.0 = Debug|Any CPU
		{78DC1196-684D-462B-AB82-A8657F4B2B1F}.Release|Any CPU.ActiveCfg = Release|Any CPU
		{78DC1196-684D-462B-AB82-A8657F4B2B1F}.Release|Any CPU.Build.0 = Release|Any CPU
	EndGlobalSection
	GlobalSection(SolutionProperties) = preSolution
		HideSolutionNode = FALSE
	EndGlobalSection
	GlobalSection(ExtensibilityGlobals) = postSolution
		SolutionGuid = {986F1D34-921A-42C4-AF10-834189689794}
	EndGlobalSection
EndGlobal
